
Microsoft Visual Studio Solution File, Format Version 12.00
# Visual Studio Version 17
VisualStudioVersion = 17.11.35312.102
MinimumVisualStudioVersion = 10.0.40219.1
Project("{8BC9CEB8-8B4A-11D0-8D11-00A0C91BC942}") = "tactical-encryption-unit", "tactical-encryption-unit.vcxproj", "{BE7544E6-F7FD-460A-AF6C-60C12AE9119D}"
EndProject
Global
	GlobalSection(SolutionConfigurationPlatforms) = preSolution
		Debug|x64 = Debug|x64
		Debug|x86 = Debug|x86
		Release|x64 = Release|x64
		Release|x86 = Release|x86
	EndGlobalSection
	GlobalSection(ProjectConfigurationPlatforms) = postSolution
		{BE7544E6-F7FD-460A-AF6C-60C12AE9119D}.Debug|x64.ActiveCfg = Debug|x64
		{BE7544E6-F7FD-460A-AF6C-60C12AE9119D}.Debug|x64.Build.0 = Debug|x64
		{BE7544E6-F7FD-460A-AF6C-60C12AE9119D}.Debug|x86.ActiveCfg = Debug|Win32
		{BE7544E6-F7FD-460A-AF6C-60C12AE9119D}.Debug|x86.Build.0 = Debug|Win32
		{BE7544E6-F7FD-460A-AF6C-60C12AE9119D}.Release|x64.ActiveCfg = Release|x64
		{BE7544E6-F7FD-460A-AF6C-60C12AE9119D}.Release|x64.Build.0 = Release|x64
		{BE7544E6-F7FD-460A-AF6C-60C12AE9119D}.Release|x86.ActiveCfg = Release|Win32
		{BE7544E6-F7FD-460A-AF6C-60C12AE9119D}.Release|x86.Build.0 = Release|Win32
	EndGlobalSection
	GlobalSection(SolutionProperties) = preSolution
		HideSolutionNode = FALSE
	EndGlobalSection
	GlobalSection(ExtensibilityGlobals) = postSolution
		SolutionGuid = {86A56F34-162A-4D1E-8C74-FC3ADAAD2FF5}
	EndGlobalSection
EndGlobal
